
Microsoft Visual Studio Solution File, Format Version 11.00
# Visual Studio 2010
Project("{FAE04EC0-301F-11D3-BF4B-00C04F79EFBC}") = "Assembly-CSharp", "Assembly-CSharp.csproj", "{db51bb2c-e75c-7161-ea30-8809b33c4003}"
EndProject
Project("{FAE04EC0-301F-11D3-BF4B-00C04F79EFBC}") = "AstarPathfindingProject", "AstarPathfindingProject.csproj", "{342561df-3766-467e-70f3-3373c60c72f6}"
EndProject
Project("{FAE04EC0-301F-11D3-BF4B-00C04F79EFBC}") = "PackageToolsEditor", "PackageToolsEditor.csproj", "{b82a0961-7604-674c-c135-bd1a6ce4cd2b}"
EndProject
Project("{FAE04EC0-301F-11D3-BF4B-00C04F79EFBC}") = "AstarPathfindingProjectEditor", "AstarPathfindingProjectEditor.csproj", "{8448d482-98df-a2fd-2978-64ffc47090c4}"
EndProject
Global
	GlobalSection(SolutionConfigurationPlatforms) = preSolution
		Debug|Any CPU = Debug|Any CPU
	EndGlobalSection
	GlobalSection(ProjectConfigurationPlatforms) = postSolution
		{db51bb2c-e75c-7161-ea30-8809b33c4003}.Debug|Any CPU.ActiveCfg = Debug|Any CPU
		{db51bb2c-e75c-7161-ea30-8809b33c4003}.Debug|Any CPU.Build.0 = Debug|Any CPU
		{342561df-3766-467e-70f3-3373c60c72f6}.Debug|Any CPU.ActiveCfg = Debug|Any CPU
		{342561df-3766-467e-70f3-3373c60c72f6}.Debug|Any CPU.Build.0 = Debug|Any CPU
		{b82a0961-7604-674c-c135-bd1a6ce4cd2b}.Debug|Any CPU.ActiveCfg = Debug|Any CPU
		{b82a0961-7604-674c-c135-bd1a6ce4cd2b}.Debug|Any CPU.Build.0 = Debug|Any CPU
		{8448d482-98df-a2fd-2978-64ffc47090c4}.Debug|Any CPU.ActiveCfg = Debug|Any CPU
		{8448d482-98df-a2fd-2978-64ffc47090c4}.Debug|Any CPU.Build.0 = Debug|Any CPU
	EndGlobalSection
	GlobalSection(SolutionProperties) = preSolution
		HideSolutionNode = FALSE
	EndGlobalSection
EndGlobal
